
Microsoft Visual Studio Solution File, Format Version 12.00
# Visual Studio Version 17
VisualStudioVersion = 17.0.31903.59
MinimumVisualStudioVersion = 10.0.40219.1
Project("{2150E333-8FDC-42A3-9474-1A3956D46DE8}") = "src", "src", "{3948BB98-C3A3-40A4-BC97-692E37D8E5A2}"
EndProject
Project("{FAE04EC0-301F-11D3-BF4B-00C04F79EFBC}") = "Basic", "src\Basic\Basic.csproj", "{948BEF6A-1839-44C9-BD7D-7D37B9EC4910}"
EndProject
Project("{FAE04EC0-301F-11D3-BF4B-00C04F79EFBC}") = "CSharpFeatures", "src\CSharpFeatures\CSharpFeatures.csproj", "{01979F9D-7509-440B-9126-16BD611017DB}"
EndProject
Project("{FAE04EC0-301F-11D3-BF4B-00C04F79EFBC}") = "DotnetFeatures", "src\DotnetFeatures\DotnetFeatures.csproj", "{E898CC94-D474-45E6-82A4-662D0FA253D6}"
EndProject
Project("{FAE04EC0-301F-11D3-BF4B-00C04F79EFBC}") = "Advanced", "src\Advanced\Advanced.csproj", "{7D15E3A8-DD6C-4AA5-855A-3A90110CD8F8}"
EndProject
Project("{FAE04EC0-301F-11D3-BF4B-00C04F79EFBC}") = "Patterns", "src\Patterns\Patterns.csproj", "{3BAEE8CD-337D-4776-81BF-BE43D24A82E4}"
EndProject
Project("{FAE04EC0-301F-11D3-BF4B-00C04F79EFBC}") = "DotNetPlayground.Tests", "tests\DotNetPlayground.Tests.csproj", "{1D93E7D5-D12B-4352-B1F7-C4283957E06E}"
EndProject
Project("{2150E333-8FDC-42A3-9474-1A3956D46DE8}") = "samples", "samples", "{913AEFC3-5C7D-4211-BBAB-9BC372D5CA37}"
EndProject
Project("{FAE04EC0-301F-11D3-BF4B-00C04F79EFBC}") = "Samples.WebApi", "samples\WebApi\Samples.WebApi.csproj", "{F2F5F87C-2C3A-454D-A8C3-8A9D5852C19F}"
EndProject
Project("{FAE04EC0-301F-11D3-BF4B-00C04F79EFBC}") = "Samples.Console", "samples\Console\Samples.Console.csproj", "{7FC7E0D3-94F6-44DC-8B0C-AF43B02372D3}"
EndProject
Project("{FAE04EC0-301F-11D3-BF4B-00C04F79EFBC}") = "Samples.Microservices", "samples\Microservices\Samples.Microservices.csproj", "{9C4F0BD7-1095-4D64-BA06-4B92C8503DB6}"
EndProject
Global
	GlobalSection(SolutionConfigurationPlatforms) = preSolution
		Debug|Any CPU = Debug|Any CPU
		Release|Any CPU = Release|Any CPU
	EndGlobalSection
	GlobalSection(SolutionProperties) = preSolution
		HideSolutionNode = FALSE
	EndGlobalSection
	GlobalSection(ProjectConfigurationPlatforms) = postSolution
		{948BEF6A-1839-44C9-BD7D-7D37B9EC4910}.Debug|Any CPU.ActiveCfg = Debug|Any CPU
		{948BEF6A-1839-44C9-BD7D-7D37B9EC4910}.Debug|Any CPU.Build.0 = Debug|Any CPU
		{948BEF6A-1839-44C9-BD7D-7D37B9EC4910}.Release|Any CPU.ActiveCfg = Release|Any CPU
		{948BEF6A-1839-44C9-BD7D-7D37B9EC4910}.Release|Any CPU.Build.0 = Release|Any CPU
		{01979F9D-7509-440B-9126-16BD611017DB}.Debug|Any CPU.ActiveCfg = Debug|Any CPU
		{01979F9D-7509-440B-9126-16BD611017DB}.Debug|Any CPU.Build.0 = Debug|Any CPU
		{01979F9D-7509-440B-9126-16BD611017DB}.Release|Any CPU.ActiveCfg = Release|Any CPU
		{01979F9D-7509-440B-9126-16BD611017DB}.Release|Any CPU.Build.0 = Release|Any CPU
		{E898CC94-D474-45E6-82A4-662D0FA253D6}.Debug|Any CPU.ActiveCfg = Debug|Any CPU
		{E898CC94-D474-45E6-82A4-662D0FA253D6}.Debug|Any CPU.Build.0 = Debug|Any CPU
		{E898CC94-D474-45E6-82A4-662D0FA253D6}.Release|Any CPU.ActiveCfg = Release|Any CPU
		{E898CC94-D474-45E6-82A4-662D0FA253D6}.Release|Any CPU.Build.0 = Release|Any CPU
		{7D15E3A8-DD6C-4AA5-855A-3A90110CD8F8}.Debug|Any CPU.ActiveCfg = Debug|Any CPU
		{7D15E3A8-DD6C-4AA5-855A-3A90110CD8F8}.Debug|Any CPU.Build.0 = Debug|Any CPU
		{7D15E3A8-DD6C-4AA5-855A-3A90110CD8F8}.Release|Any CPU.ActiveCfg = Release|Any CPU
		{7D15E3A8-DD6C-4AA5-855A-3A90110CD8F8}.Release|Any CPU.Build.0 = Release|Any CPU
		{3BAEE8CD-337D-4776-81BF-BE43D24A82E4}.Debug|Any CPU.ActiveCfg = Debug|Any CPU
		{3BAEE8CD-337D-4776-81BF-BE43D24A82E4}.Debug|Any CPU.Build.0 = Debug|Any CPU
		{3BAEE8CD-337D-4776-81BF-BE43D24A82E4}.Release|Any CPU.ActiveCfg = Release|Any CPU
		{3BAEE8CD-337D-4776-81BF-BE43D24A82E4}.Release|Any CPU.Build.0 = Release|Any CPU
		{1D93E7D5-D12B-4352-B1F7-C4283957E06E}.Debug|Any CPU.ActiveCfg = Debug|Any CPU
		{1D93E7D5-D12B-4352-B1F7-C4283957E06E}.Debug|Any CPU.Build.0 = Debug|Any CPU
		{1D93E7D5-D12B-4352-B1F7-C4283957E06E}.Release|Any CPU.ActiveCfg = Release|Any CPU
		{1D93E7D5-D12B-4352-B1F7-C4283957E06E}.Release|Any CPU.Build.0 = Release|Any CPU
		{F2F5F87C-2C3A-454D-A8C3-8A9D5852C19F}.Debug|Any CPU.ActiveCfg = Debug|Any CPU
		{F2F5F87C-2C3A-454D-A8C3-8A9D5852C19F}.Debug|Any CPU.Build.0 = Debug|Any CPU
		{F2F5F87C-2C3A-454D-A8C3-8A9D5852C19F}.Release|Any CPU.ActiveCfg = Release|Any CPU
		{F2F5F87C-2C3A-454D-A8C3-8A9D5852C19F}.Release|Any CPU.Build.0 = Release|Any CPU
		{7FC7E0D3-94F6-44DC-8B0C-AF43B02372D3}.Debug|Any CPU.ActiveCfg = Debug|Any CPU
		{7FC7E0D3-94F6-44DC-8B0C-AF43B02372D3}.Debug|Any CPU.Build.0 = Debug|Any CPU
		{7FC7E0D3-94F6-44DC-8B0C-AF43B02372D3}.Release|Any CPU.ActiveCfg = Release|Any CPU
		{7FC7E0D3-94F6-44DC-8B0C-AF43B02372D3}.Release|Any CPU.Build.0 = Release|Any CPU
		{9C4F0BD7-1095-4D64-BA06-4B92C8503DB6}.Debug|Any CPU.ActiveCfg = Debug|Any CPU
		{9C4F0BD7-1095-4D64-BA06-4B92C8503DB6}.Debug|Any CPU.Build.0 = Debug|Any CPU
		{9C4F0BD7-1095-4D64-BA06-4B92C8503DB6}.Release|Any CPU.ActiveCfg = Release|Any CPU
		{9C4F0BD7-1095-4D64-BA06-4B92C8503DB6}.Release|Any CPU.Build.0 = Release|Any CPU
	EndGlobalSection
	GlobalSection(NestedProjects) = preSolution
		{948BEF6A-1839-44C9-BD7D-7D37B9EC4910} = {3948BB98-C3A3-40A4-BC97-692E37D8E5A2}
		{01979F9D-7509-440B-9126-16BD611017DB} = {3948BB98-C3A3-40A4-BC97-692E37D8E5A2}
		{E898CC94-D474-45E6-82A4-662D0FA253D6} = {3948BB98-C3A3-40A4-BC97-692E37D8E5A2}
		{7D15E3A8-DD6C-4AA5-855A-3A90110CD8F8} = {3948BB98-C3A3-40A4-BC97-692E37D8E5A2}
		{3BAEE8CD-337D-4776-81BF-BE43D24A82E4} = {3948BB98-C3A3-40A4-BC97-692E37D8E5A2}
		{F2F5F87C-2C3A-454D-A8C3-8A9D5852C19F} = {913AEFC3-5C7D-4211-BBAB-9BC372D5CA37}
		{7FC7E0D3-94F6-44DC-8B0C-AF43B02372D3} = {913AEFC3-5C7D-4211-BBAB-9BC372D5CA37}
		{9C4F0BD7-1095-4D64-BA06-4B92C8503DB6} = {913AEFC3-5C7D-4211-BBAB-9BC372D5CA37}
	EndGlobalSection
EndGlobal
